{
  "name": "npmproject-1",
  "version": "1.0.0",
  "lockfileVersion": 3,
  "requires": true,
  "packages": {
    "": {
      "name": "npmproject-1",
      "version": "1.0.0",
      "dependencies": {
        "dep": "file:./dep",
        "typescript": "^5.1.6"
      }
    },
    "dep": {
      "version": "1.0.0"
    },
    "node_modules/dep": {
      "resolved": "dep",
      "link": true
    },
    "node_modules/typescript": {
      "version": "5.1.6",
      "license": "Apache-2.0",
      "bin": {
        "tsc": "bin/tsc",
        "tsserver": "bin/tsserver"
      },
      "engines": {
        "node": ">=14.17"
      }
    }
  }
}
